
Microsoft Visual Studio Solution File, Format Version 12.00
# Visual Studio 2013
VisualStudioVersion = 12.0.30723.0
MinimumVisualStudioVersion = 10.0.40219.1
Project("{FAE04EC0-301F-11D3-BF4B-00C04F79EFBC}") = "SWCLMS.UI", "SWCLMS.UI\SWCLMS.UI.csproj", "{66A81B0D-B792-4935-A95E-E666EDE427C9}"
EndProject
Project("{FAE04EC0-301F-11D3-BF4B-00C04F79EFBC}") = "SWCLMS.Models", "SWCLMS.Models\SWCLMS.Models.csproj", "{9C7DF543-FFEE-4B92-A34A-52CF71506A14}"
EndProject
Project("{FAE04EC0-301F-11D3-BF4B-00C04F79EFBC}") = "SWCLMS.BLL", "SWCLMS.BLL\SWCLMS.BLL.csproj", "{5B98CBEE-0585-4C23-AE2B-AAC2CE60A1E4}"
EndProject
Project("{FAE04EC0-301F-11D3-BF4B-00C04F79EFBC}") = "SWCLMS.Data", "SWCLMS.Data\SWCLMS.Data.csproj", "{9AD026D5-5017-4988-B285-8F7296E9DFD6}"
EndProject
Project("{FAE04EC0-301F-11D3-BF4B-00C04F79EFBC}") = "SWCLMS.Tests", "SWCLMS.Tests\SWCLMS.Tests.csproj", "{2176EDC7-F56A-41A5-9E79-0F434DC253E8}"
EndProject
Global
	GlobalSection(SolutionConfigurationPlatforms) = preSolution
		Debug|Any CPU = Debug|Any CPU
		Release|Any CPU = Release|Any CPU
	EndGlobalSection
	GlobalSection(ProjectConfigurationPlatforms) = postSolution
		{66A81B0D-B792-4935-A95E-E666EDE427C9}.Debug|Any CPU.ActiveCfg = Debug|Any CPU
		{66A81B0D-B792-4935-A95E-E666EDE427C9}.Debug|Any CPU.Build.0 = Debug|Any CPU
		{66A81B0D-B792-4935-A95E-E666EDE427C9}.Release|Any CPU.ActiveCfg = Release|Any CPU
		{66A81B0D-B792-4935-A95E-E666EDE427C9}.Release|Any CPU.Build.0 = Release|Any CPU
		{9C7DF543-FFEE-4B92-A34A-52CF71506A14}.Debug|Any CPU.ActiveCfg = Debug|Any CPU
		{9C7DF543-FFEE-4B92-A34A-52CF71506A14}.Debug|Any CPU.Build.0 = Debug|Any CPU
		{9C7DF543-FFEE-4B92-A34A-52CF71506A14}.Release|Any CPU.ActiveCfg = Release|Any CPU
		{9C7DF543-FFEE-4B92-A34A-52CF71506A14}.Release|Any CPU.Build.0 = Release|Any CPU
		{5B98CBEE-0585-4C23-AE2B-AAC2CE60A1E4}.Debug|Any CPU.ActiveCfg = Debug|Any CPU
		{5B98CBEE-0585-4C23-AE2B-AAC2CE60A1E4}.Debug|Any CPU.Build.0 = Debug|Any CPU
		{5B98CBEE-0585-4C23-AE2B-AAC2CE60A1E4}.Release|Any CPU.ActiveCfg = Release|Any CPU
		{5B98CBEE-0585-4C23-AE2B-AAC2CE60A1E4}.Release|Any CPU.Build.0 = Release|Any CPU
		{9AD026D5-5017-4988-B285-8F7296E9DFD6}.Debug|Any CPU.ActiveCfg = Debug|Any CPU
		{9AD026D5-5017-4988-B285-8F7296E9DFD6}.Debug|Any CPU.Build.0 = Debug|Any CPU
		{9AD026D5-5017-4988-B285-8F7296E9DFD6}.Release|Any CPU.ActiveCfg = Release|Any CPU
		{9AD026D5-5017-4988-B285-8F7296E9DFD6}.Release|Any CPU.Build.0 = Release|Any CPU
		{2176EDC7-F56A-41A5-9E79-0F434DC253E8}.Debug|Any CPU.ActiveCfg = Debug|Any CPU
		{2176EDC7-F56A-41A5-9E79-0F434DC253E8}.Debug|Any CPU.Build.0 = Debug|Any CPU
		{2176EDC7-F56A-41A5-9E79-0F434DC253E8}.Release|Any CPU.ActiveCfg = Release|Any CPU
		{2176EDC7-F56A-41A5-9E79-0F434DC253E8}.Release|Any CPU.Build.0 = Release|Any CPU
	EndGlobalSection
	GlobalSection(SolutionProperties) = preSolution
		HideSolutionNode = FALSE
	EndGlobalSection
EndGlobal
