
Microsoft Visual Studio Solution File, Format Version 12.00
# Visual Studio 2013
VisualStudioVersion = 12.0.31101.0
MinimumVisualStudioVersion = 10.0.40219.1
Project("{FAE04EC0-301F-11D3-BF4B-00C04F79EFBC}") = "Warmups.Strings.Tests", "Strings.Warmups.Tests\Warmups.Strings.Tests.csproj", "{77AD1EAD-37E0-4192-A031-75AF91D52080}"
EndProject
Project("{FAE04EC0-301F-11D3-BF4B-00C04F79EFBC}") = "Warmups.Strings.BLL", "Warmups.Strings.BLL\Warmups.Strings.BLL.csproj", "{904368C1-2C61-495A-9BB1-9512CEDA3950}"
EndProject
Global
	GlobalSection(SolutionConfigurationPlatforms) = preSolution
		Debug|Any CPU = Debug|Any CPU
		Release|Any CPU = Release|Any CPU
	EndGlobalSection
	GlobalSection(ProjectConfigurationPlatforms) = postSolution
		{77AD1EAD-37E0-4192-A031-75AF91D52080}.Debug|Any CPU.ActiveCfg = Debug|Any CPU
		{77AD1EAD-37E0-4192-A031-75AF91D52080}.Debug|Any CPU.Build.0 = Debug|Any CPU
		{77AD1EAD-37E0-4192-A031-75AF91D52080}.Release|Any CPU.ActiveCfg = Release|Any CPU
		{77AD1EAD-37E0-4192-A031-75AF91D52080}.Release|Any CPU.Build.0 = Release|Any CPU
		{904368C1-2C61-495A-9BB1-9512CEDA3950}.Debug|Any CPU.ActiveCfg = Debug|Any CPU
		{904368C1-2C61-495A-9BB1-9512CEDA3950}.Debug|Any CPU.Build.0 = Debug|Any CPU
		{904368C1-2C61-495A-9BB1-9512CEDA3950}.Release|Any CPU.ActiveCfg = Release|Any CPU
		{904368C1-2C61-495A-9BB1-9512CEDA3950}.Release|Any CPU.Build.0 = Release|Any CPU
	EndGlobalSection
	GlobalSection(SolutionProperties) = preSolution
		HideSolutionNode = FALSE
	EndGlobalSection
EndGlobal
